// !$*UTF8*$!
{
	archiveVersion = 1;
	classes = {
	};
	objectVersion = 55;
	objects = {

/* Begin PBXBuildFile section */
		841BBEA7282D7140009FA4C0 /* AppDelegate.swift in Sources */ = {isa = PBXBuildFile; fileRef = 841BBEA6282D7140009FA4C0 /* AppDelegate.swift */; };
		841BBEAB282D7140009FA4C0 /* ViewController.swift in Sources */ = {isa = PBXBuildFile; fileRef = 841BBEAA282D7140009FA4C0 /* ViewController.swift */; };
		841BBEB0282D7141009FA4C0 /* Assets.xcassets in Resources */ = {isa = PBXBuildFile; fileRef = 841BBEAF282D7141009FA4C0 /* Assets.xcassets */; };
		841BBEB3282D7141009FA4C0 /* LaunchScreen.storyboard in Resources */ = {isa = PBXBuildFile; fileRef = 841BBEB1282D7141009FA4C0 /* LaunchScreen.storyboard */; };
		841BBEBC282D8BAD009FA4C0 /* FeedbackController.swift in Sources */ = {isa = PBXBuildFile; fileRef = 841BBEBB282D8BAD009FA4C0 /* FeedbackController.swift */; };
		8D35760980E1BD8A2F5C1C22 /* Pods_WeGoTrip.framework in Frameworks */ = {isa = PBXBuildFile; fileRef = 501530918D064EE72748CBAF /* Pods_WeGoTrip.framework */; };
/* End PBXBuildFile section */

/* Begin PBXFileReference section */
		501530918D064EE72748CBAF /* Pods_WeGoTrip.framework */ = {isa = PBXFileReference; explicitFileType = wrapper.framework; includeInIndex = 0; path = Pods_WeGoTrip.framework; sourceTree = BUILT_PRODUCTS_DIR; };
		7008E9DD1F62D4DA9A47846D /* Pods-WeGoTrip.release.xcconfig */ = {isa = PBXFileReference; includeInIndex = 1; lastKnownFileType = text.xcconfig; name = "Pods-WeGoTrip.release.xcconfig"; path = "Target Support Files/Pods-WeGoTrip/Pods-WeGoTrip.release.xcconfig"; sourceTree = "<group>"; };
		841BBEA3282D7140009FA4C0 /* WeGoTrip.app */ = {isa = PBXFileReference; explicitFileType = wrapper.application; includeInIndex = 0; path = WeGoTrip.app; sourceTree = BUILT_PRODUCTS_DIR; };
		841BBEA6282D7140009FA4C0 /* AppDelegate.swift */ = {isa = PBXFileReference; lastKnownFileType = sourcecode.swift; path = AppDelegate.swift; sourceTree = "<group>"; };
		841BBEAA282D7140009FA4C0 /* ViewController.swift */ = {isa = PBXFileReference; lastKnownFileType = sourcecode.swift; path = ViewController.swift; sourceTree = "<group>"; };
		841BBEAF282D7141009FA4C0 /* Assets.xcassets */ = {isa = PBXFileReference; lastKnownFileType = folder.assetcatalog; path = Assets.xcassets; sourceTree = "<group>"; };
		841BBEB2282D7141009FA4C0 /* Base */ = {isa = PBXFileReference; lastKnownFileType = file.storyboard; name = Base; path = Base.lproj/LaunchScreen.storyboard; sourceTree = "<group>"; };
		841BBEB4282D7141009FA4C0 /* Info.plist */ = {isa = PBXFileReference; lastKnownFileType = text.plist.xml; path = Info.plist; sourceTree = "<group>"; };
		841BBEBB282D8BAD009FA4C0 /* FeedbackController.swift */ = {isa = PBXFileReference; lastKnownFileType = sourcecode.swift; path = FeedbackController.swift; sourceTree = "<group>"; };
		E690B917C393D4B3AD075C56 /* Pods-WeGoTrip.debug.xcconfig */ = {isa = PBXFileReference; includeInIndex = 1; lastKnownFileType = text.xcconfig; name = "Pods-WeGoTrip.debug.xcconfig"; path = "Target Support Files/Pods-WeGoTrip/Pods-WeGoTrip.debug.xcconfig"; sourceTree = "<group>"; };
/* End PBXFileReference section */

/* Begin PBXFrameworksBuildPhase section */
		841BBEA0282D7140009FA4C0 /* Frameworks */ = {
			isa = PBXFrameworksBuildPhase;
			buildActionMask = 2147483647;
			files = (
				8D35760980E1BD8A2F5C1C22 /* Pods_WeGoTrip.framework in Frameworks */,
			);
			runOnlyForDeploymentPostprocessing = 0;
		};
/* End PBXFrameworksBuildPhase section */

/* Begin PBXGroup section */
		841BBE9A282D7140009FA4C0 = {
			isa = PBXGroup;
			children = (
				841BBEA5282D7140009FA4C0 /* WeGoTrip */,
				841BBEA4282D7140009FA4C0 /* Products */,
				A1613950D665696F3D52F429 /* Pods */,
				F26C24FE2594DFA16465ED47 /* Frameworks */,
			);
			sourceTree = "<group>";
		};
		841BBEA4282D7140009FA4C0 /* Products */ = {
			isa = PBXGroup;
			children = (
				841BBEA3282D7140009FA4C0 /* WeGoTrip.app */,
			);
			name = Products;
			sourceTree = "<group>";
		};
		841BBEA5282D7140009FA4C0 /* WeGoTrip */ = {
			isa = PBXGroup;
			children = (
				841BBEA6282D7140009FA4C0 /* AppDelegate.swift */,
				841BBEAA282D7140009FA4C0 /* ViewController.swift */,
				841BBEBA282D8AD3009FA4C0 /* New Group */,
				841BBEAF282D7141009FA4C0 /* Assets.xcassets */,
				841BBEB1282D7141009FA4C0 /* LaunchScreen.storyboard */,
				841BBEB4282D7141009FA4C0 /* Info.plist */,
			);
			path = WeGoTrip;
			sourceTree = "<group>";
		};
		841BBEBA282D8AD3009FA4C0 /* New Group */ = {
			isa = PBXGroup;
			children = (
				841BBEBB282D8BAD009FA4C0 /* FeedbackController.swift */,
			);
			path = "New Group";
			sourceTree = "<group>";
		};
		A1613950D665696F3D52F429 /* Pods */ = {
			isa = PBXGroup;
			children = (
				E690B917C393D4B3AD075C56 /* Pods-WeGoTrip.debug.xcconfig */,
				7008E9DD1F62D4DA9A47846D /* Pods-WeGoTrip.release.xcconfig */,
			);
			path = Pods;
			sourceTree = "<group>";
		};
		F26C24FE2594DFA16465ED47 /* Frameworks */ = {
			isa = PBXGroup;
			children = (
				501530918D064EE72748CBAF /* Pods_WeGoTrip.framework */,
			);
			name = Frameworks;
			sourceTree = "<group>";
		};
/* End PBXGroup section */

/* Begin PBXNativeTarget section */
		841BBEA2282D7140009FA4C0 /* WeGoTrip */ = {
			isa = PBXNativeTarget;
			buildConfigurationList = 841BBEB7282D7141009FA4C0 /* Build configuration list for PBXNativeTarget "WeGoTrip" */;
			buildPhases = (
				50726280CA669233947D7EE0 /* [CP] Check Pods Manifest.lock */,
				841BBE9F282D7140009FA4C0 /* Sources */,
				841BBEA0282D7140009FA4C0 /* Frameworks */,
				841BBEA1282D7140009FA4C0 /* Resources */,
				EA1F96B91D27DAF042A40E21 /* [CP] Embed Pods Frameworks */,
			);
			buildRules = (
			);
			dependencies = (
			);
			name = WeGoTrip;
			productName = WeGoTrip;
			productReference = 841BBEA3282D7140009FA4C0 /* WeGoTrip.app */;
			productType = "com.apple.product-type.application";
		};
/* End PBXNativeTarget section */

/* Begin PBXProject section */
		841BBE9B282D7140009FA4C0 /* Project object */ = {
			isa = PBXProject;
			attributes = {
				BuildIndependentTargetsInParallel = 1;
				LastSwiftUpdateCheck = 1330;
				LastUpgradeCheck = 1330;
				TargetAttributes = {
					841BBEA2282D7140009FA4C0 = {
						CreatedOnToolsVersion = 13.3;
					};
				};
			};
			buildConfigurationList = 841BBE9E282D7140009FA4C0 /* Build configuration list for PBXProject "WeGoTrip" */;
			compatibilityVersion = "Xcode 13.0";
			developmentRegion = en;
			hasScannedForEncodings = 0;
			knownRegions = (
				en,
				Base,
			);
			mainGroup = 841BBE9A282D7140009FA4C0;
			productRefGroup = 841BBEA4282D7140009FA4C0 /* Products */;
			projectDirPath = "";
			projectRoot = "";
			targets = (
				841BBEA2282D7140009FA4C0 /* WeGoTrip */,
			);
		};
/* End PBXProject section */

/* Begin PBXResourcesBuildPhase section */
		841BBEA1282D7140009FA4C0 /* Resources */ = {
			isa = PBXResourcesBuildPhase;
			buildActionMask = 2147483647;
			files = (
				841BBEB3282D7141009FA4C0 /* LaunchScreen.storyboard in Resources */,
				841BBEB0282D7141009FA4C0 /* Assets.xcassets in Resources */,
			);
			runOnlyForDeploymentPostprocessing = 0;
		};
/* End PBXResourcesBuildPhase section */

/* Begin PBXShellScriptBuildPhase section */
		50726280CA669233947D7EE0 /* [CP] Check Pods Manifest.lock */ = {
			isa = PBXShellScriptBuildPhase;
			buildActionMask = 2147483647;
			files = (
			);
			inputFileListPaths = (
			);
			inputPaths = (
				"${PODS_PODFILE_DIR_PATH}/Podfile.lock",
				"${PODS_ROOT}/Manifest.lock",
			);
			name = "[CP] Check Pods Manifest.lock";
			outputFileListPaths = (
			);
			outputPaths = (
				"$(DERIVED_FILE_DIR)/Pods-WeGoTrip-checkManifestLockResult.txt",
			);
			runOnlyForDeploymentPostprocessing = 0;
			shellPath = /bin/sh;
			shellScript = "diff \"${PODS_PODFILE_DIR_PATH}/Podfile.lock\" \"${PODS_ROOT}/Manifest.lock\" > /dev/null\nif [ $? != 0 ] ; then\n    # print error to STDERR\n    echo \"error: The sandbox is not in sync with the Podfile.lock. Run 'pod install' or update your CocoaPods installation.\" >&2\n    exit 1\nfi\n# This output is used by Xcode 'outputs' to avoid re-running this script phase.\necho \"SUCCESS\" > \"${SCRIPT_OUTPUT_FILE_0}\"\n";
			showEnvVarsInLog = 0;
		};
		EA1F96B91D27DAF042A40E21 /* [CP] Embed Pods Frameworks */ = {
			isa = PBXShellScriptBuildPhase;
			buildActionMask = 2147483647;
			files = (
			);
			inputFileListPaths = (
				"${PODS_ROOT}/Target Support Files/Pods-WeGoTrip/Pods-WeGoTrip-frameworks-${CONFIGURATION}-input-files.xcfilelist",
			);
			name = "[CP] Embed Pods Frameworks";
			outputFileListPaths = (
				"${PODS_ROOT}/Target Support Files/Pods-WeGoTrip/Pods-WeGoTrip-frameworks-${CONFIGURATION}-output-files.xcfilelist",
			);
			runOnlyForDeploymentPostprocessing = 0;
			shellPath = /bin/sh;
			shellScript = "\"${PODS_ROOT}/Target Support Files/Pods-WeGoTrip/Pods-WeGoTrip-frameworks.sh\"\n";
			showEnvVarsInLog = 0;
		};
/* End PBXShellScriptBuildPhase section */

/* Begin PBXSourcesBuildPhase section */
		841BBE9F282D7140009FA4C0 /* Sources */ = {
			isa = PBXSourcesBuildPhase;
			buildActionMask = 2147483647;
			files = (
				841BBEAB282D7140009FA4C0 /* ViewController.swift in Sources */,
				841BBEA7282D7140009FA4C0 /* AppDelegate.swift in Sources */,
				841BBEBC282D8BAD009FA4C0 /* FeedbackController.swift in Sources */,
			);
			runOnlyForDeploymentPostprocessing = 0;
		};
/* End PBXSourcesBuildPhase section */

/* Begin PBXVariantGroup section */
		841BBEB1282D7141009FA4C0 /* LaunchScreen.storyboard */ = {
			isa = PBXVariantGroup;
			children = (
				841BBEB2282D7141009FA4C0 /* Base */,
			);
			name = LaunchScreen.storyboard;
			sourceTree = "<group>";
		};
/* End PBXVariantGroup section */

/* Begin XCBuildConfiguration section */
		841BBEB5282D7141009FA4C0 /* Debug */ = {
			isa = XCBuildConfiguration;
			buildSettings = {
				ALWAYS_SEARCH_USER_PATHS = NO;
				CLANG_ANALYZER_NONNULL = YES;
				CLANG_ANALYZER_NUMBER_OBJECT_CONVERSION = YES_AGGRESSIVE;
				CLANG_CXX_LANGUAGE_STANDARD = "gnu++17";
				CLANG_ENABLE_MODULES = YES;
				CLANG_ENABLE_OBJC_ARC = YES;
				CLANG_ENABLE_OBJC_WEAK = YES;
				CLANG_WARN_BLOCK_CAPTURE_AUTORELEASING = YES;
				CLANG_WARN_BOOL_CONVERSION = YES;
				CLANG_WARN_COMMA = YES;
				CLANG_WARN_CONSTANT_CONVERSION = YES;
				CLANG_WARN_DEPRECATED_OBJC_IMPLEMENTATIONS = YES;
				CLANG_WARN_DIRECT_OBJC_ISA_USAGE = YES_ERROR;
				CLANG_WARN_DOCUMENTATION_COMMENTS = YES;
				CLANG_WARN_EMPTY_BODY = YES;
				CLANG_WARN_ENUM_CONVERSION = YES;
				CLANG_WARN_INFINITE_RECURSION = YES;
				CLANG_WARN_INT_CONVERSION = YES;
				CLANG_WARN_NON_LITERAL_NULL_CONVERSION = YES;
				CLANG_WARN_OBJC_IMPLICIT_RETAIN_SELF = YES;
				CLANG_WARN_OBJC_LITERAL_CONVERSION = YES;
				CLANG_WARN_OBJC_ROOT_CLASS = YES_ERROR;
				CLANG_WARN_QUOTED_INCLUDE_IN_FRAMEWORK_HEADER = YES;
				CLANG_WARN_RANGE_LOOP_ANALYSIS = YES;
				CLANG_WARN_STRICT_PROTOTYPES = YES;
				CLANG_WARN_SUSPICIOUS_MOVE = YES;
				CLANG_WARN_UNGUARDED_AVAILABILITY = YES_AGGRESSIVE;
				CLANG_WARN_UNREACHABLE_CODE = YES;
				CLANG_WARN__DUPLICATE_METHOD_MATCH = YES;
				COPY_PHASE_STRIP = NO;
				DEBUG_INFORMATION_FORMAT = dwarf;
				ENABLE_STRICT_OBJC_MSGSEND = YES;
				ENABLE_TESTABILITY = YES;
				GCC_C_LANGUAGE_STANDARD = gnu11;
				GCC_DYNAMIC_NO_PIC = NO;
				GCC_NO_COMMON_BLOCKS = YES;
				GCC_OPTIMIZATION_LEVEL = 0;
				GCC_PREPROCESSOR_DEFINITIONS = (
					"DEBUG=1",
					"$(inherited)",
				);
				GCC_WARN_64_TO_32_BIT_CONVERSION = YES;
				GCC_WARN_ABOUT_RETURN_TYPE = YES_ERROR;
				GCC_WARN_UNDECLARED_SELECTOR = YES;
				GCC_WARN_UNINITIALIZED_AUTOS = YES_AGGRESSIVE;
				GCC_WARN_UNUSED_FUNCTION = YES;
				GCC_WARN_UNUSED_VARIABLE = YES;
				IPHONEOS_DEPLOYMENT_TARGET = 11.0;
				MTL_ENABLE_DEBUG_INFO = INCLUDE_SOURCE;
				MTL_FAST_MATH = YES;
				ONLY_ACTIVE_ARCH = YES;
				SDKROOT = iphoneos;
				SWIFT_ACTIVE_COMPILATION_CONDITIONS = DEBUG;
				SWIFT_OPTIMIZATION_LEVEL = "-Onone";
			};
			name = Debug;
		};
		841BBEB6282D7141009FA4C0 /* Release */ = {
			isa = XCBuildConfiguration;
			buildSettings = {
				ALWAYS_SEARCH_USER_PATHS = NO;
				CLANG_ANALYZER_NONNULL = YES;
				CLANG_ANALYZER_NUMBER_OBJECT_CONVERSION = YES_AGGRESSIVE;
				CLANG_CXX_LANGUAGE_STANDARD = "gnu++17";
				CLANG_ENABLE_MODULES = YES;
				CLANG_ENABLE_OBJC_ARC = YES;
				CLANG_ENABLE_OBJC_WEAK = YES;
				CLANG_WARN_BLOCK_CAPTURE_AUTORELEASING = YES;
				CLANG_WARN_BOOL_CONVERSION = YES;
				CLANG_WARN_COMMA = YES;
				CLANG_WARN_CONSTANT_CONVERSION = YES;
				CLANG_WARN_DEPRECATED_OBJC_IMPLEMENTATIONS = YES;
				CLANG_WARN_DIRECT_OBJC_ISA_USAGE = YES_ERROR;
				CLANG_WARN_DOCUMENTATION_COMMENTS = YES;
				CLANG_WARN_EMPTY_BODY = YES;
				CLANG_WARN_ENUM_CONVERSION = YES;
				CLANG_WARN_INFINITE_RECURSION = YES;
				CLANG_WARN_INT_CONVERSION = YES;
				CLANG_WARN_NON_LITERAL_NULL_CONVERSION = YES;
				CLANG_WARN_OBJC_IMPLICIT_RETAIN_SELF = YES;
				CLANG_WARN_OBJC_LITERAL_CONVERSION = YES;
				CLANG_WARN_OBJC_ROOT_CLASS = YES_ERROR;
				CLANG_WARN_QUOTED_INCLUDE_IN_FRAMEWORK_HEADER = YES;
				CLANG_WARN_RANGE_LOOP_ANALYSIS = YES;
				CLANG_WARN_STRICT_PROTOTYPES = YES;
				CLANG_WARN_SUSPICIOUS_MOVE = YES;
				CLANG_WARN_UNGUARDED_AVAILABILITY = YES_AGGRESSIVE;
				CLANG_WARN_UNREACHABLE_CODE = YES;
				CLANG_WARN__DUPLICATE_METHOD_MATCH = YES;
				COPY_PHASE_STRIP = NO;
				DEBUG_INFORMATION_FORMAT = "dwarf-with-dsym";
				ENABLE_NS_ASSERTIONS = NO;
				ENABLE_STRICT_OBJC_MSGSEND = YES;
				GCC_C_LANGUAGE_STANDARD = gnu11;
				GCC_NO_COMMON_BLOCKS = YES;
				GCC_WARN_64_TO_32_BIT_CONVERSION = YES;
				GCC_WARN_ABOUT_RETURN_TYPE = YES_ERROR;
				GCC_WARN_UNDECLARED_SELECTOR = YES;
				GCC_WARN_UNINITIALIZED_AUTOS = YES_AGGRESSIVE;
				GCC_WARN_UNUSED_FUNCTION = YES;
				GCC_WARN_UNUSED_VARIABLE = YES;
				IPHONEOS_DEPLOYMENT_TARGET = 11.0;
				MTL_ENABLE_DEBUG_INFO = NO;
				MTL_FAST_MATH = YES;
				SDKROOT = iphoneos;
				SWIFT_COMPILATION_MODE = wholemodule;
				SWIFT_OPTIMIZATION_LEVEL = "-O";
				VALIDATE_PRODUCT = YES;
			};
			name = Release;
		};
		841BBEB8282D7141009FA4C0 /* Debug */ = {
			isa = XCBuildConfiguration;
			baseConfigurationReference = E690B917C393D4B3AD075C56 /* Pods-WeGoTrip.debug.xcconfig */;
			buildSettings = {
				ASSETCATALOG_COMPILER_APPICON_NAME = AppIcon;
				ASSETCATALOG_COMPILER_GLOBAL_ACCENT_COLOR_NAME = AccentColor;
				CODE_SIGN_STYLE = Automatic;
				CURRENT_PROJECT_VERSION = 1;
				DEVELOPMENT_TEAM = 9M5YLYU8BJ;
				GENERATE_INFOPLIST_FILE = YES;
				INFOPLIST_FILE = WeGoTrip/Info.plist;
				INFOPLIST_KEY_UIApplicationSupportsIndirectInputEvents = YES;
				INFOPLIST_KEY_UILaunchStoryboardName = LaunchScreen;
				INFOPLIST_KEY_UISupportedInterfaceOrientations_iPad = "UIInterfaceOrientationPortrait UIInterfaceOrientationPortraitUpsideDown UIInterfaceOrientationLandscapeLeft UIInterfaceOrientationLandscapeRight";
				INFOPLIST_KEY_UISupportedInterfaceOrientations_iPhone = "UIInterfaceOrientationPortrait UIInterfaceOrientationLandscapeLeft UIInterfaceOrientationLandscapeRight";
				LD_RUNPATH_SEARCH_PATHS = (
					"$(inherited)",
					"@executable_path/Frameworks",
				);
				MARKETING_VERSION = 1.0;
				PRODUCT_BUNDLE_IDENTIFIER = ilshat.WeGoTrip;
				PRODUCT_NAME = "$(TARGET_NAME)";
				SWIFT_EMIT_LOC_STRINGS = YES;
				SWIFT_VERSION = 5.0;
				TARGETED_DEVICE_FAMILY = "1,2";
			};
			name = Debug;
		};
		841BBEB9282D7141009FA4C0 /* Release */ = {
			isa = XCBuildConfiguration;
			baseConfigurationReference = 7008E9DD1F62D4DA9A47846D /* Pods-WeGoTrip.release.xcconfig */;
			buildSettings = {
				ASSETCATALOG_COMPILER_APPICON_NAME = AppIcon;
				ASSETCATALOG_COMPILER_GLOBAL_ACCENT_COLOR_NAME = AccentColor;
				CODE_SIGN_STYLE = Automatic;
				CURRENT_PROJECT_VERSION = 1;
				DEVELOPMENT_TEAM = 9M5YLYU8BJ;
				GENERATE_INFOPLIST_FILE = YES;
				INFOPLIST_FILE = WeGoTrip/Info.plist;
				INFOPLIST_KEY_UIApplicationSupportsIndirectInputEvents = YES;
				INFOPLIST_KEY_UILaunchStoryboardName = LaunchScreen;
				INFOPLIST_KEY_UISupportedInterfaceOrientations_iPad = "UIInterfaceOrientationPortrait UIInterfaceOrientationPortraitUpsideDown UIInterfaceOrientationLandscapeLeft UIInterfaceOrientationLandscapeRight";
				INFOPLIST_KEY_UISupportedInterfaceOrientations_iPhone = "UIInterfaceOrientationPortrait UIInterfaceOrientationLandscapeLeft UIInterfaceOrientationLandscapeRight";
				LD_RUNPATH_SEARCH_PATHS = (
					"$(inherited)",
					"@executable_path/Frameworks",
				);
				MARKETING_VERSION = 1.0;
				PRODUCT_BUNDLE_IDENTIFIER = ilshat.WeGoTrip;
				PRODUCT_NAME = "$(TARGET_NAME)";
				SWIFT_EMIT_LOC_STRINGS = YES;
				SWIFT_VERSION = 5.0;
				TARGETED_DEVICE_FAMILY = "1,2";
			};
			name = Release;
		};
/* End XCBuildConfiguration section */

/* Begin XCConfigurationList section */
		841BBE9E282D7140009FA4C0 /* Build configuration list for PBXProject "WeGoTrip" */ = {
			isa = XCConfigurationList;
			buildConfigurations = (
				841BBEB5282D7141009FA4C0 /* Debug */,
				841BBEB6282D7141009FA4C0 /* Release */,
			);
			defaultConfigurationIsVisible = 0;
			defaultConfigurationName = Release;
		};
		841BBEB7282D7141009FA4C0 /* Build configuration list for PBXNativeTarget "WeGoTrip" */ = {
			isa = XCConfigurationList;
			buildConfigurations = (
				841BBEB8282D7141009FA4C0 /* Debug */,
				841BBEB9282D7141009FA4C0 /* Release */,
			);
			defaultConfigurationIsVisible = 0;
			defaultConfigurationName = Release;
		};
/* End XCConfigurationList section */
	};
	rootObject = 841BBE9B282D7140009FA4C0 /* Project object */;
}
